
Microsoft Visual Studio Solution File, Format Version 11.00
# Visual Studio 2010
# SharpDevelop 4.2.2.8818
Project("{FAE04EC0-301F-11D3-BF4B-00C04F79EFBC}") = "Twitchys-Quest-Mod", "Twitchys-Quest-Mod.csproj", "{9C4D7A7D-A4AA-409E-BED2-CEF322884E1B}"
EndProject
Project("{FAE04EC0-301F-11D3-BF4B-00C04F79EFBC}") = "Twitchys-Quest-Mod-1.12", "Twitchys-Quest-Mod-1.12\Twitchys-Quest-Mod-1.12.csproj", "{EEE180CF-6EC6-44BC-AC6B-4F1B954A7E8B}"
EndProject
Project("{FAE04EC0-301F-11D3-BF4B-00C04F79EFBC}") = "TestExtensionPlugin", "TestExtensionPlugin\TestExtensionPlugin.csproj", "{88FD9AFC-8F6F-439A-AFC8-A31F1065AF10}"
EndProject
Global
	GlobalSection(SolutionConfigurationPlatforms) = preSolution
		Debug|Any CPU = Debug|Any CPU
		Release|Any CPU = Release|Any CPU
		Debug|x86 = Debug|x86
		Release|x86 = Release|x86
	EndGlobalSection
	GlobalSection(ProjectConfigurationPlatforms) = postSolution
		{9C4D7A7D-A4AA-409E-BED2-CEF322884E1B}.Debug|Any CPU.ActiveCfg = Debug|Any CPU
		{9C4D7A7D-A4AA-409E-BED2-CEF322884E1B}.Debug|Any CPU.Build.0 = Debug|Any CPU
		{9C4D7A7D-A4AA-409E-BED2-CEF322884E1B}.Release|Any CPU.ActiveCfg = Release|Any CPU
		{9C4D7A7D-A4AA-409E-BED2-CEF322884E1B}.Release|Any CPU.Build.0 = Release|Any CPU
		{EEE180CF-6EC6-44BC-AC6B-4F1B954A7E8B}.Debug|Any CPU.Build.0 = Debug|x86
		{EEE180CF-6EC6-44BC-AC6B-4F1B954A7E8B}.Debug|Any CPU.ActiveCfg = Debug|x86
		{EEE180CF-6EC6-44BC-AC6B-4F1B954A7E8B}.Debug|x86.Build.0 = Debug|x86
		{EEE180CF-6EC6-44BC-AC6B-4F1B954A7E8B}.Debug|x86.ActiveCfg = Debug|x86
		{EEE180CF-6EC6-44BC-AC6B-4F1B954A7E8B}.Release|Any CPU.Build.0 = Release|x86
		{EEE180CF-6EC6-44BC-AC6B-4F1B954A7E8B}.Release|Any CPU.ActiveCfg = Release|x86
		{EEE180CF-6EC6-44BC-AC6B-4F1B954A7E8B}.Release|x86.Build.0 = Release|x86
		{EEE180CF-6EC6-44BC-AC6B-4F1B954A7E8B}.Release|x86.ActiveCfg = Release|x86
		{88FD9AFC-8F6F-439A-AFC8-A31F1065AF10}.Debug|Any CPU.Build.0 = Debug|x86
		{88FD9AFC-8F6F-439A-AFC8-A31F1065AF10}.Debug|Any CPU.ActiveCfg = Debug|x86
		{88FD9AFC-8F6F-439A-AFC8-A31F1065AF10}.Debug|x86.Build.0 = Debug|x86
		{88FD9AFC-8F6F-439A-AFC8-A31F1065AF10}.Debug|x86.ActiveCfg = Debug|x86
		{88FD9AFC-8F6F-439A-AFC8-A31F1065AF10}.Release|Any CPU.Build.0 = Release|x86
		{88FD9AFC-8F6F-439A-AFC8-A31F1065AF10}.Release|Any CPU.ActiveCfg = Release|x86
		{88FD9AFC-8F6F-439A-AFC8-A31F1065AF10}.Release|x86.Build.0 = Release|x86
		{88FD9AFC-8F6F-439A-AFC8-A31F1065AF10}.Release|x86.ActiveCfg = Release|x86
	EndGlobalSection
	GlobalSection(SolutionProperties) = preSolution
		HideSolutionNode = FALSE
	EndGlobalSection
EndGlobal
